// !$*UTF8*$!
{
	archiveVersion = 1;
	classes = {
	};
	objectVersion = 50;
	objects = {

/* Begin PBXBuildFile section */
		3A0ED2D321DB8AB200444A56 /* main.swift in Sources */ = {isa = PBXBuildFile; fileRef = 3A0ED2D221DB8AB200444A56 /* main.swift */; };
		3A0ED2E021DB8AD800444A56 /* main.m in Sources */ = {isa = PBXBuildFile; fileRef = 3A0ED2DF21DB8AD800444A56 /* main.m */; };
		3A0ED2EC21DBADCD00444A56 /* AppDelegate.m in Sources */ = {isa = PBXBuildFile; fileRef = 3A0ED2EB21DBADCD00444A56 /* AppDelegate.m */; };
		3A0ED2EF21DBADCD00444A56 /* ViewController.m in Sources */ = {isa = PBXBuildFile; fileRef = 3A0ED2EE21DBADCD00444A56 /* ViewController.m */; };
		3A0ED2F221DBADCD00444A56 /* Main.storyboard in Resources */ = {isa = PBXBuildFile; fileRef = 3A0ED2F021DBADCD00444A56 /* Main.storyboard */; };
		3A0ED2F421DBADD000444A56 /* Assets.xcassets in Resources */ = {isa = PBXBuildFile; fileRef = 3A0ED2F321DBADD000444A56 /* Assets.xcassets */; };
		3A0ED2F721DBADD000444A56 /* LaunchScreen.storyboard in Resources */ = {isa = PBXBuildFile; fileRef = 3A0ED2F521DBADD000444A56 /* LaunchScreen.storyboard */; };
		3A0ED2FA21DBADD000444A56 /* main.m in Sources */ = {isa = PBXBuildFile; fileRef = 3A0ED2F921DBADD000444A56 /* main.m */; };
		3A0ED30421DBADD000444A56 /* JFRouterDemoTests.m in Sources */ = {isa = PBXBuildFile; fileRef = 3A0ED30321DBADD000444A56 /* JFRouterDemoTests.m */; };
		3A0ED30F21DBADD000444A56 /* JFRouterDemoUITests.m in Sources */ = {isa = PBXBuildFile; fileRef = 3A0ED30E21DBADD000444A56 /* JFRouterDemoUITests.m */; };
		3A0ED32021DBB35800444A56 /* JFRouter.m in Sources */ = {isa = PBXBuildFile; fileRef = 3A0ED31F21DBB35800444A56 /* JFRouter.m */; };
		3A0ED32521DBD3DF00444A56 /* JFWalletTypeRouter.m in Sources */ = {isa = PBXBuildFile; fileRef = 3A0ED32421DBD3DF00444A56 /* JFWalletTypeRouter.m */; };
		3AB96FE621DD05F300329721 /* main.c in Sources */ = {isa = PBXBuildFile; fileRef = 3AB96FE521DD05F300329721 /* main.c */; };
		3AB96FEC21DD330100329721 /* MainTableViewController.m in Sources */ = {isa = PBXBuildFile; fileRef = 3AB96FEB21DD330100329721 /* MainTableViewController.m */; };
		3AB96FEF21DD34D700329721 /* ServiceA.m in Sources */ = {isa = PBXBuildFile; fileRef = 3AB96FEE21DD34D700329721 /* ServiceA.m */; };
/* End PBXBuildFile section */

/* Begin PBXContainerItemProxy section */
		3A0ED30021DBADD000444A56 /* PBXContainerItemProxy */ = {
			isa = PBXContainerItemProxy;
			containerPortal = 3A0ED2C721DB8AB200444A56 /* Project object */;
			proxyType = 1;
			remoteGlobalIDString = 3A0ED2E721DBADCD00444A56;
			remoteInfo = JFRouterDemo;
		};
		3A0ED30B21DBADD000444A56 /* PBXContainerItemProxy */ = {
			isa = PBXContainerItemProxy;
			containerPortal = 3A0ED2C721DB8AB200444A56 /* Project object */;
			proxyType = 1;
			remoteGlobalIDString = 3A0ED2E721DBADCD00444A56;
			remoteInfo = JFRouterDemo;
		};
/* End PBXContainerItemProxy section */

/* Begin PBXCopyFilesBuildPhase section */
		3A0ED2CD21DB8AB200444A56 /* CopyFiles */ = {
			isa = PBXCopyFilesBuildPhase;
			buildActionMask = 2147483647;
			dstPath = /usr/share/man/man1/;
			dstSubfolderSpec = 0;
			files = (
			);
			runOnlyForDeploymentPostprocessing = 1;
		};
		3A0ED2DB21DB8AD800444A56 /* CopyFiles */ = {
			isa = PBXCopyFilesBuildPhase;
			buildActionMask = 2147483647;
			dstPath = /usr/share/man/man1/;
			dstSubfolderSpec = 0;
			files = (
			);
			runOnlyForDeploymentPostprocessing = 1;
		};
		3AB96FE121DD05F300329721 /* CopyFiles */ = {
			isa = PBXCopyFilesBuildPhase;
			buildActionMask = 2147483647;
			dstPath = /usr/share/man/man1/;
			dstSubfolderSpec = 0;
			files = (
			);
			runOnlyForDeploymentPostprocessing = 1;
		};
/* End PBXCopyFilesBuildPhase section */

/* Begin PBXFileReference section */
		3A0ED2CF21DB8AB200444A56 /* MacrosTest */ = {isa = PBXFileReference; explicitFileType = "compiled.mach-o.executable"; includeInIndex = 0; path = MacrosTest; sourceTree = BUILT_PRODUCTS_DIR; };
		3A0ED2D221DB8AB200444A56 /* main.swift */ = {isa = PBXFileReference; lastKnownFileType = sourcecode.swift; path = main.swift; sourceTree = "<group>"; };
		3A0ED2DD21DB8AD800444A56 /* OCMacrosTest */ = {isa = PBXFileReference; explicitFileType = "compiled.mach-o.executable"; includeInIndex = 0; path = OCMacrosTest; sourceTree = BUILT_PRODUCTS_DIR; };
		3A0ED2DF21DB8AD800444A56 /* main.m */ = {isa = PBXFileReference; lastKnownFileType = sourcecode.c.objc; path = main.m; sourceTree = "<group>"; };
		3A0ED2E821DBADCD00444A56 /* JFRouterDemo.app */ = {isa = PBXFileReference; explicitFileType = wrapper.application; includeInIndex = 0; path = JFRouterDemo.app; sourceTree = BUILT_PRODUCTS_DIR; };
		3A0ED2EA21DBADCD00444A56 /* AppDelegate.h */ = {isa = PBXFileReference; lastKnownFileType = sourcecode.c.h; path = AppDelegate.h; sourceTree = "<group>"; };
		3A0ED2EB21DBADCD00444A56 /* AppDelegate.m */ = {isa = PBXFileReference; lastKnownFileType = sourcecode.c.objc; path = AppDelegate.m; sourceTree = "<group>"; };
		3A0ED2ED21DBADCD00444A56 /* ViewController.h */ = {isa = PBXFileReference; lastKnownFileType = sourcecode.c.h; path = ViewController.h; sourceTree = "<group>"; };
		3A0ED2EE21DBADCD00444A56 /* ViewController.m */ = {isa = PBXFileReference; lastKnownFileType = sourcecode.c.objc; path = ViewController.m; sourceTree = "<group>"; };
		3A0ED2F121DBADCD00444A56 /* Base */ = {isa = PBXFileReference; lastKnownFileType = file.storyboard; name = Base; path = Base.lproj/Main.storyboard; sourceTree = "<group>"; };
		3A0ED2F321DBADD000444A56 /* Assets.xcassets */ = {isa = PBXFileReference; lastKnownFileType = folder.assetcatalog; path = Assets.xcassets; sourceTree = "<group>"; };
		3A0ED2F621DBADD000444A56 /* Base */ = {isa = PBXFileReference; lastKnownFileType = file.storyboard; name = Base; path = Base.lproj/LaunchScreen.storyboard; sourceTree = "<group>"; };
		3A0ED2F821DBADD000444A56 /* Info.plist */ = {isa = PBXFileReference; lastKnownFileType = text.plist.xml; path = Info.plist; sourceTree = "<group>"; };
		3A0ED2F921DBADD000444A56 /* main.m */ = {isa = PBXFileReference; lastKnownFileType = sourcecode.c.objc; path = main.m; sourceTree = "<group>"; };
		3A0ED2FF21DBADD000444A56 /* JFRouterDemoTests.xctest */ = {isa = PBXFileReference; explicitFileType = wrapper.cfbundle; includeInIndex = 0; path = JFRouterDemoTests.xctest; sourceTree = BUILT_PRODUCTS_DIR; };
		3A0ED30321DBADD000444A56 /* JFRouterDemoTests.m */ = {isa = PBXFileReference; lastKnownFileType = sourcecode.c.objc; path = JFRouterDemoTests.m; sourceTree = "<group>"; };
		3A0ED30521DBADD000444A56 /* Info.plist */ = {isa = PBXFileReference; lastKnownFileType = text.plist.xml; path = Info.plist; sourceTree = "<group>"; };
		3A0ED30A21DBADD000444A56 /* JFRouterDemoUITests.xctest */ = {isa = PBXFileReference; explicitFileType = wrapper.cfbundle; includeInIndex = 0; path = JFRouterDemoUITests.xctest; sourceTree = BUILT_PRODUCTS_DIR; };
		3A0ED30E21DBADD000444A56 /* JFRouterDemoUITests.m */ = {isa = PBXFileReference; lastKnownFileType = sourcecode.c.objc; path = JFRouterDemoUITests.m; sourceTree = "<group>"; };
		3A0ED31021DBADD000444A56 /* Info.plist */ = {isa = PBXFileReference; lastKnownFileType = text.plist.xml; path = Info.plist; sourceTree = "<group>"; };
		3A0ED31E21DBB35800444A56 /* JFRouter.h */ = {isa = PBXFileReference; lastKnownFileType = sourcecode.c.h; path = JFRouter.h; sourceTree = "<group>"; };
		3A0ED31F21DBB35800444A56 /* JFRouter.m */ = {isa = PBXFileReference; lastKnownFileType = sourcecode.c.objc; path = JFRouter.m; sourceTree = "<group>"; };
		3A0ED32121DBC85F00444A56 /* JFRouterProtocol.h */ = {isa = PBXFileReference; lastKnownFileType = sourcecode.c.h; path = JFRouterProtocol.h; sourceTree = "<group>"; };
		3A0ED32321DBD3DF00444A56 /* JFWalletTypeRouter.h */ = {isa = PBXFileReference; lastKnownFileType = sourcecode.c.h; path = JFWalletTypeRouter.h; sourceTree = "<group>"; };
		3A0ED32421DBD3DF00444A56 /* JFWalletTypeRouter.m */ = {isa = PBXFileReference; lastKnownFileType = sourcecode.c.objc; path = JFWalletTypeRouter.m; sourceTree = "<group>"; };
		3AB96FE321DD05F300329721 /* MacroCCC */ = {isa = PBXFileReference; explicitFileType = "compiled.mach-o.executable"; includeInIndex = 0; path = MacroCCC; sourceTree = BUILT_PRODUCTS_DIR; };
		3AB96FE521DD05F300329721 /* main.c */ = {isa = PBXFileReference; lastKnownFileType = sourcecode.c.c; path = main.c; sourceTree = "<group>"; };
		3AB96FEA21DD330100329721 /* MainTableViewController.h */ = {isa = PBXFileReference; lastKnownFileType = sourcecode.c.h; path = MainTableViewController.h; sourceTree = "<group>"; };
		3AB96FEB21DD330100329721 /* MainTableViewController.m */ = {isa = PBXFileReference; lastKnownFileType = sourcecode.c.objc; path = MainTableViewController.m; sourceTree = "<group>"; };
		3AB96FED21DD34D700329721 /* ServiceA.h */ = {isa = PBXFileReference; lastKnownFileType = sourcecode.c.h; path = ServiceA.h; sourceTree = "<group>"; };
		3AB96FEE21DD34D700329721 /* ServiceA.m */ = {isa = PBXFileReference; lastKnownFileType = sourcecode.c.objc; path = ServiceA.m; sourceTree = "<group>"; };
/* End PBXFileReference section */

/* Begin PBXFrameworksBuildPhase section */
		3A0ED2CC21DB8AB200444A56 /* Frameworks */ = {
			isa = PBXFrameworksBuildPhase;
			buildActionMask = 2147483647;
			files = (
			);
			runOnlyForDeploymentPostprocessing = 0;
		};
		3A0ED2DA21DB8AD800444A56 /* Frameworks */ = {
			isa = PBXFrameworksBuildPhase;
			buildActionMask = 2147483647;
			files = (
			);
			runOnlyForDeploymentPostprocessing = 0;
		};
		3A0ED2E521DBADCD00444A56 /* Frameworks */ = {
			isa = PBXFrameworksBuildPhase;
			buildActionMask = 2147483647;
			files = (
			);
			runOnlyForDeploymentPostprocessing = 0;
		};
		3A0ED2FC21DBADD000444A56 /* Frameworks */ = {
			isa = PBXFrameworksBuildPhase;
			buildActionMask = 2147483647;
			files = (
			);
			runOnlyForDeploymentPostprocessing = 0;
		};
		3A0ED30721DBADD000444A56 /* Frameworks */ = {
			isa = PBXFrameworksBuildPhase;
			buildActionMask = 2147483647;
			files = (
			);
			runOnlyForDeploymentPostprocessing = 0;
		};
		3AB96FE021DD05F300329721 /* Frameworks */ = {
			isa = PBXFrameworksBuildPhase;
			buildActionMask = 2147483647;
			files = (
			);
			runOnlyForDeploymentPostprocessing = 0;
		};
/* End PBXFrameworksBuildPhase section */

/* Begin PBXGroup section */
		3A0ED2C621DB8AB200444A56 = {
			isa = PBXGroup;
			children = (
				3A0ED2D121DB8AB200444A56 /* MacrosTest */,
				3A0ED2DE21DB8AD800444A56 /* OCMacrosTest */,
				3A0ED2E921DBADCD00444A56 /* JFRouterDemo */,
				3A0ED30221DBADD000444A56 /* JFRouterDemoTests */,
				3A0ED30D21DBADD000444A56 /* JFRouterDemoUITests */,
				3AB96FE421DD05F300329721 /* MacroCCC */,
				3A0ED2D021DB8AB200444A56 /* Products */,
			);
			sourceTree = "<group>";
		};
		3A0ED2D021DB8AB200444A56 /* Products */ = {
			isa = PBXGroup;
			children = (
				3A0ED2CF21DB8AB200444A56 /* MacrosTest */,
				3A0ED2DD21DB8AD800444A56 /* OCMacrosTest */,
				3A0ED2E821DBADCD00444A56 /* JFRouterDemo.app */,
				3A0ED2FF21DBADD000444A56 /* JFRouterDemoTests.xctest */,
				3A0ED30A21DBADD000444A56 /* JFRouterDemoUITests.xctest */,
				3AB96FE321DD05F300329721 /* MacroCCC */,
			);
			name = Products;
			sourceTree = "<group>";
		};
		3A0ED2D121DB8AB200444A56 /* MacrosTest */ = {
			isa = PBXGroup;
			children = (
				3A0ED2D221DB8AB200444A56 /* main.swift */,
			);
			path = MacrosTest;
			sourceTree = "<group>";
		};
		3A0ED2DE21DB8AD800444A56 /* OCMacrosTest */ = {
			isa = PBXGroup;
			children = (
				3A0ED2DF21DB8AD800444A56 /* main.m */,
			);
			path = OCMacrosTest;
			sourceTree = "<group>";
		};
		3A0ED2E921DBADCD00444A56 /* JFRouterDemo */ = {
			isa = PBXGroup;
			children = (
				3A0ED32221DBD31B00444A56 /* JFRouter-QB */,
				3A0ED31A21DBADE400444A56 /* JFRouter-alpha */,
				3A0ED2EA21DBADCD00444A56 /* AppDelegate.h */,
				3A0ED2EB21DBADCD00444A56 /* AppDelegate.m */,
				3AB96FED21DD34D700329721 /* ServiceA.h */,
				3AB96FEE21DD34D700329721 /* ServiceA.m */,
				3A0ED2ED21DBADCD00444A56 /* ViewController.h */,
				3A0ED2EE21DBADCD00444A56 /* ViewController.m */,
				3AB96FEA21DD330100329721 /* MainTableViewController.h */,
				3AB96FEB21DD330100329721 /* MainTableViewController.m */,
				3A0ED2F021DBADCD00444A56 /* Main.storyboard */,
				3A0ED2F321DBADD000444A56 /* Assets.xcassets */,
				3A0ED2F521DBADD000444A56 /* LaunchScreen.storyboard */,
				3A0ED2F821DBADD000444A56 /* Info.plist */,
				3A0ED2F921DBADD000444A56 /* main.m */,
			);
			path = JFRouterDemo;
			sourceTree = "<group>";
		};
		3A0ED30221DBADD000444A56 /* JFRouterDemoTests */ = {
			isa = PBXGroup;
			children = (
				3A0ED30321DBADD000444A56 /* JFRouterDemoTests.m */,
				3A0ED30521DBADD000444A56 /* Info.plist */,
			);
			path = JFRouterDemoTests;
			sourceTree = "<group>";
		};
		3A0ED30D21DBADD000444A56 /* JFRouterDemoUITests */ = {
			isa = PBXGroup;
			children = (
				3A0ED30E21DBADD000444A56 /* JFRouterDemoUITests.m */,
				3A0ED31021DBADD000444A56 /* Info.plist */,
			);
			path = JFRouterDemoUITests;
			sourceTree = "<group>";
		};
		3A0ED31A21DBADE400444A56 /* JFRouter-alpha */ = {
			isa = PBXGroup;
			children = (
				3A0ED31E21DBB35800444A56 /* JFRouter.h */,
				3A0ED31F21DBB35800444A56 /* JFRouter.m */,
				3A0ED32121DBC85F00444A56 /* JFRouterProtocol.h */,
			);
			path = "JFRouter-alpha";
			sourceTree = "<group>";
		};
		3A0ED32221DBD31B00444A56 /* JFRouter-QB */ = {
			isa = PBXGroup;
			children = (
				3A0ED32321DBD3DF00444A56 /* JFWalletTypeRouter.h */,
				3A0ED32421DBD3DF00444A56 /* JFWalletTypeRouter.m */,
			);
			path = "JFRouter-QB";
			sourceTree = "<group>";
		};
		3AB96FE421DD05F300329721 /* MacroCCC */ = {
			isa = PBXGroup;
			children = (
				3AB96FE521DD05F300329721 /* main.c */,
			);
			path = MacroCCC;
			sourceTree = "<group>";
		};
/* End PBXGroup section */

/* Begin PBXNativeTarget section */
		3A0ED2CE21DB8AB200444A56 /* MacrosTest */ = {
			isa = PBXNativeTarget;
			buildConfigurationList = 3A0ED2D621DB8AB200444A56 /* Build configuration list for PBXNativeTarget "MacrosTest" */;
			buildPhases = (
				3A0ED2CB21DB8AB200444A56 /* Sources */,
				3A0ED2CC21DB8AB200444A56 /* Frameworks */,
				3A0ED2CD21DB8AB200444A56 /* CopyFiles */,
			);
			buildRules = (
			);
			dependencies = (
			);
			name = MacrosTest;
			productName = MacrosTest;
			productReference = 3A0ED2CF21DB8AB200444A56 /* MacrosTest */;
			productType = "com.apple.product-type.tool";
		};
		3A0ED2DC21DB8AD800444A56 /* OCMacrosTest */ = {
			isa = PBXNativeTarget;
			buildConfigurationList = 3A0ED2E121DB8AD800444A56 /* Build configuration list for PBXNativeTarget "OCMacrosTest" */;
			buildPhases = (
				3A0ED2D921DB8AD800444A56 /* Sources */,
				3A0ED2DA21DB8AD800444A56 /* Frameworks */,
				3A0ED2DB21DB8AD800444A56 /* CopyFiles */,
			);
			buildRules = (
			);
			dependencies = (
			);
			name = OCMacrosTest;
			productName = OCMacrosTest;
			productReference = 3A0ED2DD21DB8AD800444A56 /* OCMacrosTest */;
			productType = "com.apple.product-type.tool";
		};
		3A0ED2E721DBADCD00444A56 /* JFRouterDemo */ = {
			isa = PBXNativeTarget;
			buildConfigurationList = 3A0ED31121DBADD000444A56 /* Build configuration list for PBXNativeTarget "JFRouterDemo" */;
			buildPhases = (
				3A0ED2E421DBADCD00444A56 /* Sources */,
				3A0ED2E521DBADCD00444A56 /* Frameworks */,
				3A0ED2E621DBADCD00444A56 /* Resources */,
			);
			buildRules = (
			);
			dependencies = (
			);
			name = JFRouterDemo;
			productName = JFRouterDemo;
			productReference = 3A0ED2E821DBADCD00444A56 /* JFRouterDemo.app */;
			productType = "com.apple.product-type.application";
		};
		3A0ED2FE21DBADD000444A56 /* JFRouterDemoTests */ = {
			isa = PBXNativeTarget;
			buildConfigurationList = 3A0ED31421DBADD000444A56 /* Build configuration list for PBXNativeTarget "JFRouterDemoTests" */;
			buildPhases = (
				3A0ED2FB21DBADD000444A56 /* Sources */,
				3A0ED2FC21DBADD000444A56 /* Frameworks */,
				3A0ED2FD21DBADD000444A56 /* Resources */,
			);
			buildRules = (
			);
			dependencies = (
				3A0ED30121DBADD000444A56 /* PBXTargetDependency */,
			);
			name = JFRouterDemoTests;
			productName = JFRouterDemoTests;
			productReference = 3A0ED2FF21DBADD000444A56 /* JFRouterDemoTests.xctest */;
			productType = "com.apple.product-type.bundle.unit-test";
		};
		3A0ED30921DBADD000444A56 /* JFRouterDemoUITests */ = {
			isa = PBXNativeTarget;
			buildConfigurationList = 3A0ED31721DBADD000444A56 /* Build configuration list for PBXNativeTarget "JFRouterDemoUITests" */;
			buildPhases = (
				3A0ED30621DBADD000444A56 /* Sources */,
				3A0ED30721DBADD000444A56 /* Frameworks */,
				3A0ED30821DBADD000444A56 /* Resources */,
			);
			buildRules = (
			);
			dependencies = (
				3A0ED30C21DBADD000444A56 /* PBXTargetDependency */,
			);
			name = JFRouterDemoUITests;
			productName = JFRouterDemoUITests;
			productReference = 3A0ED30A21DBADD000444A56 /* JFRouterDemoUITests.xctest */;
			productType = "com.apple.product-type.bundle.ui-testing";
		};
		3AB96FE221DD05F300329721 /* MacroCCC */ = {
			isa = PBXNativeTarget;
			buildConfigurationList = 3AB96FE921DD05F300329721 /* Build configuration list for PBXNativeTarget "MacroCCC" */;
			buildPhases = (
				3AB96FDF21DD05F300329721 /* Sources */,
				3AB96FE021DD05F300329721 /* Frameworks */,
				3AB96FE121DD05F300329721 /* CopyFiles */,
			);
			buildRules = (
			);
			dependencies = (
			);
			name = MacroCCC;
			productName = MacroCCC;
			productReference = 3AB96FE321DD05F300329721 /* MacroCCC */;
			productType = "com.apple.product-type.tool";
		};
/* End PBXNativeTarget section */

/* Begin PBXProject section */
		3A0ED2C721DB8AB200444A56 /* Project object */ = {
			isa = PBXProject;
			attributes = {
				LastSwiftUpdateCheck = 1010;
				LastUpgradeCheck = 1010;
				ORGANIZATIONNAME = zz;
				TargetAttributes = {
					3A0ED2CE21DB8AB200444A56 = {
						CreatedOnToolsVersion = 10.1;
					};
					3A0ED2DC21DB8AD800444A56 = {
						CreatedOnToolsVersion = 10.1;
					};
					3A0ED2E721DBADCD00444A56 = {
						CreatedOnToolsVersion = 10.1;
					};
					3A0ED2FE21DBADD000444A56 = {
						CreatedOnToolsVersion = 10.1;
						TestTargetID = 3A0ED2E721DBADCD00444A56;
					};
					3A0ED30921DBADD000444A56 = {
						CreatedOnToolsVersion = 10.1;
						TestTargetID = 3A0ED2E721DBADCD00444A56;
					};
					3AB96FE221DD05F300329721 = {
						CreatedOnToolsVersion = 10.1;
					};
				};
			};
			buildConfigurationList = 3A0ED2CA21DB8AB200444A56 /* Build configuration list for PBXProject "MacrosTest" */;
			compatibilityVersion = "Xcode 9.3";
			developmentRegion = en;
			hasScannedForEncodings = 0;
			knownRegions = (
				en,
				Base,
			);
			mainGroup = 3A0ED2C621DB8AB200444A56;
			productRefGroup = 3A0ED2D021DB8AB200444A56 /* Products */;
			projectDirPath = "";
			projectRoot = "";
			targets = (
				3A0ED2CE21DB8AB200444A56 /* MacrosTest */,
				3A0ED2DC21DB8AD800444A56 /* OCMacrosTest */,
				3A0ED2E721DBADCD00444A56 /* JFRouterDemo */,
				3A0ED2FE21DBADD000444A56 /* JFRouterDemoTests */,
				3A0ED30921DBADD000444A56 /* JFRouterDemoUITests */,
				3AB96FE221DD05F300329721 /* MacroCCC */,
			);
		};
/* End PBXProject section */

/* Begin PBXResourcesBuildPhase section */
		3A0ED2E621DBADCD00444A56 /* Resources */ = {
			isa = PBXResourcesBuildPhase;
			buildActionMask = 2147483647;
			files = (
				3A0ED2F721DBADD000444A56 /* LaunchScreen.storyboard in Resources */,
				3A0ED2F421DBADD000444A56 /* Assets.xcassets in Resources */,
				3A0ED2F221DBADCD00444A56 /* Main.storyboard in Resources */,
			);
			runOnlyForDeploymentPostprocessing = 0;
		};
		3A0ED2FD21DBADD000444A56 /* Resources */ = {
			isa = PBXResourcesBuildPhase;
			buildActionMask = 2147483647;
			files = (
			);
			runOnlyForDeploymentPostprocessing = 0;
		};
		3A0ED30821DBADD000444A56 /* Resources */ = {
			isa = PBXResourcesBuildPhase;
			buildActionMask = 2147483647;
			files = (
			);
			runOnlyForDeploymentPostprocessing = 0;
		};
/* End PBXResourcesBuildPhase section */

/* Begin PBXSourcesBuildPhase section */
		3A0ED2CB21DB8AB200444A56 /* Sources */ = {
			isa = PBXSourcesBuildPhase;
			buildActionMask = 2147483647;
			files = (
				3A0ED2D321DB8AB200444A56 /* main.swift in Sources */,
			);
			runOnlyForDeploymentPostprocessing = 0;
		};
		3A0ED2D921DB8AD800444A56 /* Sources */ = {
			isa = PBXSourcesBuildPhase;
			buildActionMask = 2147483647;
			files = (
				3A0ED2E021DB8AD800444A56 /* main.m in Sources */,
			);
			runOnlyForDeploymentPostprocessing = 0;
		};
		3A0ED2E421DBADCD00444A56 /* Sources */ = {
			isa = PBXSourcesBuildPhase;
			buildActionMask = 2147483647;
			files = (
				3AB96FEF21DD34D700329721 /* ServiceA.m in Sources */,
				3A0ED2EF21DBADCD00444A56 /* ViewController.m in Sources */,
				3A0ED2FA21DBADD000444A56 /* main.m in Sources */,
				3AB96FEC21DD330100329721 /* MainTableViewController.m in Sources */,
				3A0ED32021DBB35800444A56 /* JFRouter.m in Sources */,
				3A0ED32521DBD3DF00444A56 /* JFWalletTypeRouter.m in Sources */,
				3A0ED2EC21DBADCD00444A56 /* AppDelegate.m in Sources */,
			);
			runOnlyForDeploymentPostprocessing = 0;
		};
		3A0ED2FB21DBADD000444A56 /* Sources */ = {
			isa = PBXSourcesBuildPhase;
			buildActionMask = 2147483647;
			files = (
				3A0ED30421DBADD000444A56 /* JFRouterDemoTests.m in Sources */,
			);
			runOnlyForDeploymentPostprocessing = 0;
		};
		3A0ED30621DBADD000444A56 /* Sources */ = {
			isa = PBXSourcesBuildPhase;
			buildActionMask = 2147483647;
			files = (
				3A0ED30F21DBADD000444A56 /* JFRouterDemoUITests.m in Sources */,
			);
			runOnlyForDeploymentPostprocessing = 0;
		};
		3AB96FDF21DD05F300329721 /* Sources */ = {
			isa = PBXSourcesBuildPhase;
			buildActionMask = 2147483647;
			files = (
				3AB96FE621DD05F300329721 /* main.c in Sources */,
			);
			runOnlyForDeploymentPostprocessing = 0;
		};
/* End PBXSourcesBuildPhase section */

/* Begin PBXTargetDependency section */
		3A0ED30121DBADD000444A56 /* PBXTargetDependency */ = {
			isa = PBXTargetDependency;
			target = 3A0ED2E721DBADCD00444A56 /* JFRouterDemo */;
			targetProxy = 3A0ED30021DBADD000444A56 /* PBXContainerItemProxy */;
		};
		3A0ED30C21DBADD000444A56 /* PBXTargetDependency */ = {
			isa = PBXTargetDependency;
			target = 3A0ED2E721DBADCD00444A56 /* JFRouterDemo */;
			targetProxy = 3A0ED30B21DBADD000444A56 /* PBXContainerItemProxy */;
		};
/* End PBXTargetDependency section */

/* Begin PBXVariantGroup section */
		3A0ED2F021DBADCD00444A56 /* Main.storyboard */ = {
			isa = PBXVariantGroup;
			children = (
				3A0ED2F121DBADCD00444A56 /* Base */,
			);
			name = Main.storyboard;
			sourceTree = "<group>";
		};
		3A0ED2F521DBADD000444A56 /* LaunchScreen.storyboard */ = {
			isa = PBXVariantGroup;
			children = (
				3A0ED2F621DBADD000444A56 /* Base */,
			);
			name = LaunchScreen.storyboard;
			sourceTree = "<group>";
		};
/* End PBXVariantGroup section */

/* Begin XCBuildConfiguration section */
		3A0ED2D421DB8AB200444A56 /* Debug */ = {
			isa = XCBuildConfiguration;
			buildSettings = {
				ALWAYS_SEARCH_USER_PATHS = NO;
				CLANG_ANALYZER_NONNULL = YES;
				CLANG_ANALYZER_NUMBER_OBJECT_CONVERSION = YES_AGGRESSIVE;
				CLANG_CXX_LANGUAGE_STANDARD = "gnu++14";
				CLANG_CXX_LIBRARY = "libc++";
				CLANG_ENABLE_MODULES = YES;
				CLANG_ENABLE_OBJC_ARC = YES;
				CLANG_ENABLE_OBJC_WEAK = YES;
				CLANG_WARN_BLOCK_CAPTURE_AUTORELEASING = YES;
				CLANG_WARN_BOOL_CONVERSION = YES;
				CLANG_WARN_COMMA = YES;
				CLANG_WARN_CONSTANT_CONVERSION = YES;
				CLANG_WARN_DEPRECATED_OBJC_IMPLEMENTATIONS = YES;
				CLANG_WARN_DIRECT_OBJC_ISA_USAGE = YES_ERROR;
				CLANG_WARN_DOCUMENTATION_COMMENTS = YES;
				CLANG_WARN_EMPTY_BODY = YES;
				CLANG_WARN_ENUM_CONVERSION = YES;
				CLANG_WARN_INFINITE_RECURSION = YES;
				CLANG_WARN_INT_CONVERSION = YES;
				CLANG_WARN_NON_LITERAL_NULL_CONVERSION = YES;
				CLANG_WARN_OBJC_IMPLICIT_RETAIN_SELF = YES;
				CLANG_WARN_OBJC_LITERAL_CONVERSION = YES;
				CLANG_WARN_OBJC_ROOT_CLASS = YES_ERROR;
				CLANG_WARN_RANGE_LOOP_ANALYSIS = YES;
				CLANG_WARN_STRICT_PROTOTYPES = YES;
				CLANG_WARN_SUSPICIOUS_MOVE = YES;
				CLANG_WARN_UNGUARDED_AVAILABILITY = YES_AGGRESSIVE;
				CLANG_WARN_UNREACHABLE_CODE = YES;
				CLANG_WARN__DUPLICATE_METHOD_MATCH = YES;
				CODE_SIGN_IDENTITY = "-";
				COPY_PHASE_STRIP = NO;
				DEBUG_INFORMATION_FORMAT = dwarf;
				ENABLE_STRICT_OBJC_MSGSEND = YES;
				ENABLE_TESTABILITY = YES;
				GCC_C_LANGUAGE_STANDARD = gnu11;
				GCC_DYNAMIC_NO_PIC = NO;
				GCC_NO_COMMON_BLOCKS = YES;
				GCC_OPTIMIZATION_LEVEL = 0;
				GCC_PREPROCESSOR_DEFINITIONS = (
					"DEBUG=1",
					"$(inherited)",
				);
				GCC_WARN_64_TO_32_BIT_CONVERSION = YES;
				GCC_WARN_ABOUT_RETURN_TYPE = YES_ERROR;
				GCC_WARN_UNDECLARED_SELECTOR = YES;
				GCC_WARN_UNINITIALIZED_AUTOS = YES_AGGRESSIVE;
				GCC_WARN_UNUSED_FUNCTION = YES;
				GCC_WARN_UNUSED_VARIABLE = YES;
				MACOSX_DEPLOYMENT_TARGET = 10.14;
				MTL_ENABLE_DEBUG_INFO = INCLUDE_SOURCE;
				MTL_FAST_MATH = YES;
				ONLY_ACTIVE_ARCH = YES;
				SDKROOT = macosx;
				SWIFT_ACTIVE_COMPILATION_CONDITIONS = DEBUG;
				SWIFT_OPTIMIZATION_LEVEL = "-Onone";
			};
			name = Debug;
		};
		3A0ED2D521DB8AB200444A56 /* Release */ = {
			isa = XCBuildConfiguration;
			buildSettings = {
				ALWAYS_SEARCH_USER_PATHS = NO;
				CLANG_ANALYZER_NONNULL = YES;
				CLANG_ANALYZER_NUMBER_OBJECT_CONVERSION = YES_AGGRESSIVE;
				CLANG_CXX_LANGUAGE_STANDARD = "gnu++14";
				CLANG_CXX_LIBRARY = "libc++";
				CLANG_ENABLE_MODULES = YES;
				CLANG_ENABLE_OBJC_ARC = YES;
				CLANG_ENABLE_OBJC_WEAK = YES;
				CLANG_WARN_BLOCK_CAPTURE_AUTORELEASING = YES;
				CLANG_WARN_BOOL_CONVERSION = YES;
				CLANG_WARN_COMMA = YES;
				CLANG_WARN_CONSTANT_CONVERSION = YES;
				CLANG_WARN_DEPRECATED_OBJC_IMPLEMENTATIONS = YES;
				CLANG_WARN_DIRECT_OBJC_ISA_USAGE = YES_ERROR;
				CLANG_WARN_DOCUMENTATION_COMMENTS = YES;
				CLANG_WARN_EMPTY_BODY = YES;
				CLANG_WARN_ENUM_CONVERSION = YES;
				CLANG_WARN_INFINITE_RECURSION = YES;
				CLANG_WARN_INT_CONVERSION = YES;
				CLANG_WARN_NON_LITERAL_NULL_CONVERSION = YES;
				CLANG_WARN_OBJC_IMPLICIT_RETAIN_SELF = YES;
				CLANG_WARN_OBJC_LITERAL_CONVERSION = YES;
				CLANG_WARN_OBJC_ROOT_CLASS = YES_ERROR;
				CLANG_WARN_RANGE_LOOP_ANALYSIS = YES;
				CLANG_WARN_STRICT_PROTOTYPES = YES;
				CLANG_WARN_SUSPICIOUS_MOVE = YES;
				CLANG_WARN_UNGUARDED_AVAILABILITY = YES_AGGRESSIVE;
				CLANG_WARN_UNREACHABLE_CODE = YES;
				CLANG_WARN__DUPLICATE_METHOD_MATCH = YES;
				CODE_SIGN_IDENTITY = "-";
				COPY_PHASE_STRIP = NO;
				DEBUG_INFORMATION_FORMAT = "dwarf-with-dsym";
				ENABLE_NS_ASSERTIONS = NO;
				ENABLE_STRICT_OBJC_MSGSEND = YES;
				GCC_C_LANGUAGE_STANDARD = gnu11;
				GCC_NO_COMMON_BLOCKS = YES;
				GCC_WARN_64_TO_32_BIT_CONVERSION = YES;
				GCC_WARN_ABOUT_RETURN_TYPE = YES_ERROR;
				GCC_WARN_UNDECLARED_SELECTOR = YES;
				GCC_WARN_UNINITIALIZED_AUTOS = YES_AGGRESSIVE;
				GCC_WARN_UNUSED_FUNCTION = YES;
				GCC_WARN_UNUSED_VARIABLE = YES;
				MACOSX_DEPLOYMENT_TARGET = 10.14;
				MTL_ENABLE_DEBUG_INFO = NO;
				MTL_FAST_MATH = YES;
				SDKROOT = macosx;
				SWIFT_COMPILATION_MODE = wholemodule;
				SWIFT_OPTIMIZATION_LEVEL = "-O";
			};
			name = Release;
		};
		3A0ED2D721DB8AB200444A56 /* Debug */ = {
			isa = XCBuildConfiguration;
			buildSettings = {
				CODE_SIGN_STYLE = Automatic;
				PRODUCT_NAME = "$(TARGET_NAME)";
				SWIFT_VERSION = 4.2;
			};
			name = Debug;
		};
		3A0ED2D821DB8AB200444A56 /* Release */ = {
			isa = XCBuildConfiguration;
			buildSettings = {
				CODE_SIGN_STYLE = Automatic;
				PRODUCT_NAME = "$(TARGET_NAME)";
				SWIFT_VERSION = 4.2;
			};
			name = Release;
		};
		3A0ED2E221DB8AD800444A56 /* Debug */ = {
			isa = XCBuildConfiguration;
			buildSettings = {
				CODE_SIGN_STYLE = Automatic;
				PRODUCT_NAME = "$(TARGET_NAME)";
			};
			name = Debug;
		};
		3A0ED2E321DB8AD800444A56 /* Release */ = {
			isa = XCBuildConfiguration;
			buildSettings = {
				CODE_SIGN_STYLE = Automatic;
				PRODUCT_NAME = "$(TARGET_NAME)";
			};
			name = Release;
		};
		3A0ED31221DBADD000444A56 /* Debug */ = {
			isa = XCBuildConfiguration;
			buildSettings = {
				ASSETCATALOG_COMPILER_APPICON_NAME = AppIcon;
				CODE_SIGN_IDENTITY = "iPhone Developer";
				CODE_SIGN_STYLE = Automatic;
				INFOPLIST_FILE = JFRouterDemo/Info.plist;
				IPHONEOS_DEPLOYMENT_TARGET = 12.1;
				LD_RUNPATH_SEARCH_PATHS = (
					"$(inherited)",
					"@executable_path/Frameworks",
				);
				PRODUCT_BUNDLE_IDENTIFIER = com.zz.JFRouterDemo;
				PRODUCT_NAME = "$(TARGET_NAME)";
				SDKROOT = iphoneos;
				TARGETED_DEVICE_FAMILY = "1,2";
			};
			name = Debug;
		};
		3A0ED31321DBADD000444A56 /* Release */ = {
			isa = XCBuildConfiguration;
			buildSettings = {
				ASSETCATALOG_COMPILER_APPICON_NAME = AppIcon;
				CODE_SIGN_IDENTITY = "iPhone Developer";
				CODE_SIGN_STYLE = Automatic;
				INFOPLIST_FILE = JFRouterDemo/Info.plist;
				IPHONEOS_DEPLOYMENT_TARGET = 12.1;
				LD_RUNPATH_SEARCH_PATHS = (
					"$(inherited)",
					"@executable_path/Frameworks",
				);
				PRODUCT_BUNDLE_IDENTIFIER = com.zz.JFRouterDemo;
				PRODUCT_NAME = "$(TARGET_NAME)";
				SDKROOT = iphoneos;
				TARGETED_DEVICE_FAMILY = "1,2";
				VALIDATE_PRODUCT = YES;
			};
			name = Release;
		};
		3A0ED31521DBADD000444A56 /* Debug */ = {
			isa = XCBuildConfiguration;
			buildSettings = {
				BUNDLE_LOADER = "$(TEST_HOST)";
				CODE_SIGN_IDENTITY = "iPhone Developer";
				CODE_SIGN_STYLE = Automatic;
				INFOPLIST_FILE = JFRouterDemoTests/Info.plist;
				IPHONEOS_DEPLOYMENT_TARGET = 12.1;
				LD_RUNPATH_SEARCH_PATHS = (
					"$(inherited)",
					"@executable_path/Frameworks",
					"@loader_path/Frameworks",
				);
				PRODUCT_BUNDLE_IDENTIFIER = com.zz.JFRouterDemoTests;
				PRODUCT_NAME = "$(TARGET_NAME)";
				SDKROOT = iphoneos;
				TARGETED_DEVICE_FAMILY = "1,2";
				TEST_HOST = "$(BUILT_PRODUCTS_DIR)/JFRouterDemo.app/JFRouterDemo";
			};
			name = Debug;
		};
		3A0ED31621DBADD000444A56 /* Release */ = {
			isa = XCBuildConfiguration;
			buildSettings = {
				BUNDLE_LOADER = "$(TEST_HOST)";
				CODE_SIGN_IDENTITY = "iPhone Developer";
				CODE_SIGN_STYLE = Automatic;
				INFOPLIST_FILE = JFRouterDemoTests/Info.plist;
				IPHONEOS_DEPLOYMENT_TARGET = 12.1;
				LD_RUNPATH_SEARCH_PATHS = (
					"$(inherited)",
					"@executable_path/Frameworks",
					"@loader_path/Frameworks",
				);
				PRODUCT_BUNDLE_IDENTIFIER = com.zz.JFRouterDemoTests;
				PRODUCT_NAME = "$(TARGET_NAME)";
				SDKROOT = iphoneos;
				TARGETED_DEVICE_FAMILY = "1,2";
				TEST_HOST = "$(BUILT_PRODUCTS_DIR)/JFRouterDemo.app/JFRouterDemo";
				VALIDATE_PRODUCT = YES;
			};
			name = Release;
		};
		3A0ED31821DBADD000444A56 /* Debug */ = {
			isa = XCBuildConfiguration;
			buildSettings = {
				CODE_SIGN_IDENTITY = "iPhone Developer";
				CODE_SIGN_STYLE = Automatic;
				INFOPLIST_FILE = JFRouterDemoUITests/Info.plist;
				IPHONEOS_DEPLOYMENT_TARGET = 12.1;
				LD_RUNPATH_SEARCH_PATHS = (
					"$(inherited)",
					"@executable_path/Frameworks",
					"@loader_path/Frameworks",
				);
				PRODUCT_BUNDLE_IDENTIFIER = com.zz.JFRouterDemoUITests;
				PRODUCT_NAME = "$(TARGET_NAME)";
				SDKROOT = iphoneos;
				TARGETED_DEVICE_FAMILY = "1,2";
				TEST_TARGET_NAME = JFRouterDemo;
			};
			name = Debug;
		};
		3A0ED31921DBADD000444A56 /* Release */ = {
			isa = XCBuildConfiguration;
			buildSettings = {
				CODE_SIGN_IDENTITY = "iPhone Developer";
				CODE_SIGN_STYLE = Automatic;
				INFOPLIST_FILE = JFRouterDemoUITests/Info.plist;
				IPHONEOS_DEPLOYMENT_TARGET = 12.1;
				LD_RUNPATH_SEARCH_PATHS = (
					"$(inherited)",
					"@executable_path/Frameworks",
					"@loader_path/Frameworks",
				);
				PRODUCT_BUNDLE_IDENTIFIER = com.zz.JFRouterDemoUITests;
				PRODUCT_NAME = "$(TARGET_NAME)";
				SDKROOT = iphoneos;
				TARGETED_DEVICE_FAMILY = "1,2";
				TEST_TARGET_NAME = JFRouterDemo;
				VALIDATE_PRODUCT = YES;
			};
			name = Release;
		};
		3AB96FE721DD05F300329721 /* Debug */ = {
			isa = XCBuildConfiguration;
			buildSettings = {
				CODE_SIGN_STYLE = Automatic;
				PRODUCT_NAME = "$(TARGET_NAME)";
			};
			name = Debug;
		};
		3AB96FE821DD05F300329721 /* Release */ = {
			isa = XCBuildConfiguration;
			buildSettings = {
				CODE_SIGN_STYLE = Automatic;
				PRODUCT_NAME = "$(TARGET_NAME)";
			};
			name = Release;
		};
/* End XCBuildConfiguration section */

/* Begin XCConfigurationList section */
		3A0ED2CA21DB8AB200444A56 /* Build configuration list for PBXProject "MacrosTest" */ = {
			isa = XCConfigurationList;
			buildConfigurations = (
				3A0ED2D421DB8AB200444A56 /* Debug */,
				3A0ED2D521DB8AB200444A56 /* Release */,
			);
			defaultConfigurationIsVisible = 0;
			defaultConfigurationName = Release;
		};
		3A0ED2D621DB8AB200444A56 /* Build configuration list for PBXNativeTarget "MacrosTest" */ = {
			isa = XCConfigurationList;
			buildConfigurations = (
				3A0ED2D721DB8AB200444A56 /* Debug */,
				3A0ED2D821DB8AB200444A56 /* Release */,
			);
			defaultConfigurationIsVisible = 0;
			defaultConfigurationName = Release;
		};
		3A0ED2E121DB8AD800444A56 /* Build configuration list for PBXNativeTarget "OCMacrosTest" */ = {
			isa = XCConfigurationList;
			buildConfigurations = (
				3A0ED2E221DB8AD800444A56 /* Debug */,
				3A0ED2E321DB8AD800444A56 /* Release */,
			);
			defaultConfigurationIsVisible = 0;
			defaultConfigurationName = Release;
		};
		3A0ED31121DBADD000444A56 /* Build configuration list for PBXNativeTarget "JFRouterDemo" */ = {
			isa = XCConfigurationList;
			buildConfigurations = (
				3A0ED31221DBADD000444A56 /* Debug */,
				3A0ED31321DBADD000444A56 /* Release */,
			);
			defaultConfigurationIsVisible = 0;
			defaultConfigurationName = Release;
		};
		3A0ED31421DBADD000444A56 /* Build configuration list for PBXNativeTarget "JFRouterDemoTests" */ = {
			isa = XCConfigurationList;
			buildConfigurations = (
				3A0ED31521DBADD000444A56 /* Debug */,
				3A0ED31621DBADD000444A56 /* Release */,
			);
			defaultConfigurationIsVisible = 0;
			defaultConfigurationName = Release;
		};
		3A0ED31721DBADD000444A56 /* Build configuration list for PBXNativeTarget "JFRouterDemoUITests" */ = {
			isa = XCConfigurationList;
			buildConfigurations = (
				3A0ED31821DBADD000444A56 /* Debug */,
				3A0ED31921DBADD000444A56 /* Release */,
			);
			defaultConfigurationIsVisible = 0;
			defaultConfigurationName = Release;
		};
		3AB96FE921DD05F300329721 /* Build configuration list for PBXNativeTarget "MacroCCC" */ = {
			isa = XCConfigurationList;
			buildConfigurations = (
				3AB96FE721DD05F300329721 /* Debug */,
				3AB96FE821DD05F300329721 /* Release */,
			);
			defaultConfigurationIsVisible = 0;
			defaultConfigurationName = Release;
		};
/* End XCConfigurationList section */
	};
	rootObject = 3A0ED2C721DB8AB200444A56 /* Project object */;
}
